
Microsoft Visual Studio Solution File, Format Version 12.00
# Visual Studio Version 17
VisualStudioVersion = 17.12.35506.116
MinimumVisualStudioVersion = 10.0.40219.1
Project("{FAE04EC0-301F-11D3-BF4B-00C04F79EFBC}") = "Data", "Data\Data.csproj", "{E9A89578-8CC0-41AE-86EB-CB44C50294E9}"
EndProject
Project("{FAE04EC0-301F-11D3-BF4B-00C04F79EFBC}") = "Business", "Business\Business.csproj", "{E4B4CF41-9CB1-4FB3-B78E-9C8DC9196CB3}"
EndProject
Project("{FAE04EC0-301F-11D3-BF4B-00C04F79EFBC}") = "ProjectManagementAPI", "ProjectManagementAPI\ProjectManagementAPI.csproj", "{27136CB7-AB04-467A-8C1D-F527AEA5291A}"
EndProject
Project("{54A90642-561A-4BB1-A94E-469ADEE60C69}") = "frontend", "frontend\frontend.esproj", "{F28925AA-EC26-4BF0-B0FF-89ADE0764F0B}"
EndProject
Project("{FAE04EC0-301F-11D3-BF4B-00C04F79EFBC}") = "ProjectManagerBackend_Tests", "ProjectManagerBackend_Tests\ProjectManagerBackend_Tests.csproj", "{ECBEDA95-8AC7-4676-9A36-F326CF72DB47}"
EndProject
Global
	GlobalSection(SolutionConfigurationPlatforms) = preSolution
		Debug|Any CPU = Debug|Any CPU
		Release|Any CPU = Release|Any CPU
	EndGlobalSection
	GlobalSection(ProjectConfigurationPlatforms) = postSolution
		{E9A89578-8CC0-41AE-86EB-CB44C50294E9}.Debug|Any CPU.ActiveCfg = Debug|Any CPU
		{E9A89578-8CC0-41AE-86EB-CB44C50294E9}.Debug|Any CPU.Build.0 = Debug|Any CPU
		{E9A89578-8CC0-41AE-86EB-CB44C50294E9}.Release|Any CPU.ActiveCfg = Release|Any CPU
		{E9A89578-8CC0-41AE-86EB-CB44C50294E9}.Release|Any CPU.Build.0 = Release|Any CPU
		{E4B4CF41-9CB1-4FB3-B78E-9C8DC9196CB3}.Debug|Any CPU.ActiveCfg = Debug|Any CPU
		{E4B4CF41-9CB1-4FB3-B78E-9C8DC9196CB3}.Debug|Any CPU.Build.0 = Debug|Any CPU
		{E4B4CF41-9CB1-4FB3-B78E-9C8DC9196CB3}.Release|Any CPU.ActiveCfg = Release|Any CPU
		{E4B4CF41-9CB1-4FB3-B78E-9C8DC9196CB3}.Release|Any CPU.Build.0 = Release|Any CPU
		{27136CB7-AB04-467A-8C1D-F527AEA5291A}.Debug|Any CPU.ActiveCfg = Debug|Any CPU
		{27136CB7-AB04-467A-8C1D-F527AEA5291A}.Debug|Any CPU.Build.0 = Debug|Any CPU
		{27136CB7-AB04-467A-8C1D-F527AEA5291A}.Release|Any CPU.ActiveCfg = Release|Any CPU
		{27136CB7-AB04-467A-8C1D-F527AEA5291A}.Release|Any CPU.Build.0 = Release|Any CPU
		{F28925AA-EC26-4BF0-B0FF-89ADE0764F0B}.Debug|Any CPU.ActiveCfg = Debug|Any CPU
		{F28925AA-EC26-4BF0-B0FF-89ADE0764F0B}.Debug|Any CPU.Build.0 = Debug|Any CPU
		{F28925AA-EC26-4BF0-B0FF-89ADE0764F0B}.Debug|Any CPU.Deploy.0 = Debug|Any CPU
		{F28925AA-EC26-4BF0-B0FF-89ADE0764F0B}.Release|Any CPU.ActiveCfg = Release|Any CPU
		{F28925AA-EC26-4BF0-B0FF-89ADE0764F0B}.Release|Any CPU.Build.0 = Release|Any CPU
		{F28925AA-EC26-4BF0-B0FF-89ADE0764F0B}.Release|Any CPU.Deploy.0 = Release|Any CPU
		{ECBEDA95-8AC7-4676-9A36-F326CF72DB47}.Debug|Any CPU.ActiveCfg = Debug|Any CPU
		{ECBEDA95-8AC7-4676-9A36-F326CF72DB47}.Debug|Any CPU.Build.0 = Debug|Any CPU
		{ECBEDA95-8AC7-4676-9A36-F326CF72DB47}.Release|Any CPU.ActiveCfg = Release|Any CPU
		{ECBEDA95-8AC7-4676-9A36-F326CF72DB47}.Release|Any CPU.Build.0 = Release|Any CPU
	EndGlobalSection
	GlobalSection(SolutionProperties) = preSolution
		HideSolutionNode = FALSE
	EndGlobalSection
EndGlobal
